{
  "name": "acl-aviation",
  "lockfileVersion": 3,
  "requires": true,
  "packages": {
    "": {
      "dependencies": {
        "@nestjs/class-transformer": "^0.4.0"
      }
    },
    "node_modules/@nestjs/class-transformer": {
      "version": "0.4.0",
      "resolved": "https://registry.npmjs.org/@nestjs/class-transformer/-/class-transformer-0.4.0.tgz",
      "integrity": "sha512-aHKhqPVixFCo8m7n2iP1uGgfyF0eYlAgGJKfW27l0BvRCTPBjmoL4956Cf9xVu6WNJzVsp//SOcpIavdnNHYZg==",
      "license": "MIT"
    }
  }
}
